// !$*UTF8*$!
{
	archiveVersion = 1;
	classes = {
	};
	objectVersion = 56;
	objects = {

/* Begin PBXBuildFile section */
		B8D9077E2BA0DF98004F5CF2 /* ShiroApp.swift in Sources */ = {isa = PBXBuildFile; fileRef = B8D9077D2BA0DF98004F5CF2 /* ShiroApp.swift */; };
		B8D907802BA0DF98004F5CF2 /* ContentView.swift in Sources */ = {isa = PBXBuildFile; fileRef = B8D9077F2BA0DF98004F5CF2 /* ContentView.swift */; };
		B8D907822BA0DF9A004F5CF2 /* Assets.xcassets in Resources */ = {isa = PBXBuildFile; fileRef = B8D907812BA0DF9A004F5CF2 /* Assets.xcassets */; };
		B8D907852BA0DF9A004F5CF2 /* Preview Assets.xcassets in Resources */ = {isa = PBXBuildFile; fileRef = B8D907842BA0DF9A004F5CF2 /* Preview Assets.xcassets */; };
		B8D9078F2BA0DF9A004F5CF2 /* ShiroTests.swift in Sources */ = {isa = PBXBuildFile; fileRef = B8D9078E2BA0DF9A004F5CF2 /* ShiroTests.swift */; };
		B8D907992BA0DF9A004F5CF2 /* ShiroUITests.swift in Sources */ = {isa = PBXBuildFile; fileRef = B8D907982BA0DF9A004F5CF2 /* ShiroUITests.swift */; };
		B8D9079B2BA0DF9A004F5CF2 /* ShiroUITestsLaunchTests.swift in Sources */ = {isa = PBXBuildFile; fileRef = B8D9079A2BA0DF9A004F5CF2 /* ShiroUITestsLaunchTests.swift */; };
/* End PBXBuildFile section */

/* Begin PBXContainerItemProxy section */
		B8D9078B2BA0DF9A004F5CF2 /* PBXContainerItemProxy */ = {
			isa = PBXContainerItemProxy;
			containerPortal = B8D907722BA0DF98004F5CF2 /* Project object */;
			proxyType = 1;
			remoteGlobalIDString = B8D907792BA0DF98004F5CF2;
			remoteInfo = Shiro;
		};
		B8D907952BA0DF9A004F5CF2 /* PBXContainerItemProxy */ = {
			isa = PBXContainerItemProxy;
			containerPortal = B8D907722BA0DF98004F5CF2 /* Project object */;
			proxyType = 1;
			remoteGlobalIDString = B8D907792BA0DF98004F5CF2;
			remoteInfo = Shiro;
		};
/* End PBXContainerItemProxy section */

/* Begin PBXFileReference section */
		B8D9077A2BA0DF98004F5CF2 /* Shiro.app */ = {isa = PBXFileReference; explicitFileType = wrapper.application; includeInIndex = 0; path = Shiro.app; sourceTree = BUILT_PRODUCTS_DIR; };
		B8D9077D2BA0DF98004F5CF2 /* ShiroApp.swift */ = {isa = PBXFileReference; lastKnownFileType = sourcecode.swift; path = ShiroApp.swift; sourceTree = "<group>"; };
		B8D9077F2BA0DF98004F5CF2 /* ContentView.swift */ = {isa = PBXFileReference; lastKnownFileType = sourcecode.swift; path = ContentView.swift; sourceTree = "<group>"; };
		B8D907812BA0DF9A004F5CF2 /* Assets.xcassets */ = {isa = PBXFileReference; lastKnownFileType = folder.assetcatalog; path = Assets.xcassets; sourceTree = "<group>"; };
		B8D907842BA0DF9A004F5CF2 /* Preview Assets.xcassets */ = {isa = PBXFileReference; lastKnownFileType = folder.assetcatalog; path = "Preview Assets.xcassets"; sourceTree = "<group>"; };
		B8D9078A2BA0DF9A004F5CF2 /* ShiroTests.xctest */ = {isa = PBXFileReference; explicitFileType = wrapper.cfbundle; includeInIndex = 0; path = ShiroTests.xctest; sourceTree = BUILT_PRODUCTS_DIR; };
		B8D9078E2BA0DF9A004F5CF2 /* ShiroTests.swift */ = {isa = PBXFileReference; lastKnownFileType = sourcecode.swift; path = ShiroTests.swift; sourceTree = "<group>"; };
		B8D907942BA0DF9A004F5CF2 /* ShiroUITests.xctest */ = {isa = PBXFileReference; explicitFileType = wrapper.cfbundle; includeInIndex = 0; path = ShiroUITests.xctest; sourceTree = BUILT_PRODUCTS_DIR; };
		B8D907982BA0DF9A004F5CF2 /* ShiroUITests.swift */ = {isa = PBXFileReference; lastKnownFileType = sourcecode.swift; path = ShiroUITests.swift; sourceTree = "<group>"; };
		B8D9079A2BA0DF9A004F5CF2 /* ShiroUITestsLaunchTests.swift */ = {isa = PBXFileReference; lastKnownFileType = sourcecode.swift; path = ShiroUITestsLaunchTests.swift; sourceTree = "<group>"; };
/* End PBXFileReference section */

/* Begin PBXFrameworksBuildPhase section */
		B8D907772BA0DF98004F5CF2 /* Frameworks */ = {
			isa = PBXFrameworksBuildPhase;
			buildActionMask = 2147483647;
			files = (
			);
			runOnlyForDeploymentPostprocessing = 0;
		};
		B8D907872BA0DF9A004F5CF2 /* Frameworks */ = {
			isa = PBXFrameworksBuildPhase;
			buildActionMask = 2147483647;
			files = (
			);
			runOnlyForDeploymentPostprocessing = 0;
		};
		B8D907912BA0DF9A004F5CF2 /* Frameworks */ = {
			isa = PBXFrameworksBuildPhase;
			buildActionMask = 2147483647;
			files = (
			);
			runOnlyForDeploymentPostprocessing = 0;
		};
/* End PBXFrameworksBuildPhase section */

/* Begin PBXGroup section */
		B8D907712BA0DF98004F5CF2 = {
			isa = PBXGroup;
			children = (
				B8D9077C2BA0DF98004F5CF2 /* Shiro */,
				B8D9078D2BA0DF9A004F5CF2 /* ShiroTests */,
				B8D907972BA0DF9A004F5CF2 /* ShiroUITests */,
				B8D9077B2BA0DF98004F5CF2 /* Products */,
			);
			sourceTree = "<group>";
		};
		B8D9077B2BA0DF98004F5CF2 /* Products */ = {
			isa = PBXGroup;
			children = (
				B8D9077A2BA0DF98004F5CF2 /* Shiro.app */,
				B8D9078A2BA0DF9A004F5CF2 /* ShiroTests.xctest */,
				B8D907942BA0DF9A004F5CF2 /* ShiroUITests.xctest */,
			);
			name = Products;
			sourceTree = "<group>";
		};
		B8D9077C2BA0DF98004F5CF2 /* Shiro */ = {
			isa = PBXGroup;
			children = (
				B8D9077D2BA0DF98004F5CF2 /* ShiroApp.swift */,
				B8D9077F2BA0DF98004F5CF2 /* ContentView.swift */,
				B8D907812BA0DF9A004F5CF2 /* Assets.xcassets */,
				B8D907832BA0DF9A004F5CF2 /* Preview Content */,
			);
			path = Shiro;
			sourceTree = "<group>";
		};
		B8D907832BA0DF9A004F5CF2 /* Preview Content */ = {
			isa = PBXGroup;
			children = (
				B8D907842BA0DF9A004F5CF2 /* Preview Assets.xcassets */,
			);
			path = "Preview Content";
			sourceTree = "<group>";
		};
		B8D9078D2BA0DF9A004F5CF2 /* ShiroTests */ = {
			isa = PBXGroup;
			children = (
				B8D9078E2BA0DF9A004F5CF2 /* ShiroTests.swift */,
			);
			path = ShiroTests;
			sourceTree = "<group>";
		};
		B8D907972BA0DF9A004F5CF2 /* ShiroUITests */ = {
			isa = PBXGroup;
			children = (
				B8D907982BA0DF9A004F5CF2 /* ShiroUITests.swift */,
				B8D9079A2BA0DF9A004F5CF2 /* ShiroUITestsLaunchTests.swift */,
			);
			path = ShiroUITests;
			sourceTree = "<group>";
		};
/* End PBXGroup section */

/* Begin PBXNativeTarget section */
		B8D907792BA0DF98004F5CF2 /* Shiro */ = {
			isa = PBXNativeTarget;
			buildConfigurationList = B8D9079E2BA0DF9A004F5CF2 /* Build configuration list for PBXNativeTarget "Shiro" */;
			buildPhases = (
				B8D907762BA0DF98004F5CF2 /* Sources */,
				B8D907772BA0DF98004F5CF2 /* Frameworks */,
				B8D907782BA0DF98004F5CF2 /* Resources */,
			);
			buildRules = (
			);
			dependencies = (
			);
			name = Shiro;
			productName = Shiro;
			productReference = B8D9077A2BA0DF98004F5CF2 /* Shiro.app */;
			productType = "com.apple.product-type.application";
		};
		B8D907892BA0DF9A004F5CF2 /* ShiroTests */ = {
			isa = PBXNativeTarget;
			buildConfigurationList = B8D907A12BA0DF9A004F5CF2 /* Build configuration list for PBXNativeTarget "ShiroTests" */;
			buildPhases = (
				B8D907862BA0DF9A004F5CF2 /* Sources */,
				B8D907872BA0DF9A004F5CF2 /* Frameworks */,
				B8D907882BA0DF9A004F5CF2 /* Resources */,
			);
			buildRules = (
			);
			dependencies = (
				B8D9078C2BA0DF9A004F5CF2 /* PBXTargetDependency */,
			);
			name = ShiroTests;
			productName = ShiroTests;
			productReference = B8D9078A2BA0DF9A004F5CF2 /* ShiroTests.xctest */;
			productType = "com.apple.product-type.bundle.unit-test";
		};
		B8D907932BA0DF9A004F5CF2 /* ShiroUITests */ = {
			isa = PBXNativeTarget;
			buildConfigurationList = B8D907A42BA0DF9A004F5CF2 /* Build configuration list for PBXNativeTarget "ShiroUITests" */;
			buildPhases = (
				B8D907902BA0DF9A004F5CF2 /* Sources */,
				B8D907912BA0DF9A004F5CF2 /* Frameworks */,
				B8D907922BA0DF9A004F5CF2 /* Resources */,
			);
			buildRules = (
			);
			dependencies = (
				B8D907962BA0DF9A004F5CF2 /* PBXTargetDependency */,
			);
			name = ShiroUITests;
			productName = ShiroUITests;
			productReference = B8D907942BA0DF9A004F5CF2 /* ShiroUITests.xctest */;
			productType = "com.apple.product-type.bundle.ui-testing";
		};
/* End PBXNativeTarget section */

/* Begin PBXProject section */
		B8D907722BA0DF98004F5CF2 /* Project object */ = {
			isa = PBXProject;
			attributes = {
				BuildIndependentTargetsInParallel = 1;
				LastSwiftUpdateCheck = 1520;
				LastUpgradeCheck = 1520;
				TargetAttributes = {
					B8D907792BA0DF98004F5CF2 = {
						CreatedOnToolsVersion = 15.2;
					};
					B8D907892BA0DF9A004F5CF2 = {
						CreatedOnToolsVersion = 15.2;
						TestTargetID = B8D907792BA0DF98004F5CF2;
					};
					B8D907932BA0DF9A004F5CF2 = {
						CreatedOnToolsVersion = 15.2;
						TestTargetID = B8D907792BA0DF98004F5CF2;
					};
				};
			};
			buildConfigurationList = B8D907752BA0DF98004F5CF2 /* Build configuration list for PBXProject "Shiro" */;
			compatibilityVersion = "Xcode 14.0";
			developmentRegion = en;
			hasScannedForEncodings = 0;
			knownRegions = (
				en,
				Base,
			);
			mainGroup = B8D907712BA0DF98004F5CF2;
			productRefGroup = B8D9077B2BA0DF98004F5CF2 /* Products */;
			projectDirPath = "";
			projectRoot = "";
			targets = (
				B8D907792BA0DF98004F5CF2 /* Shiro */,
				B8D907892BA0DF9A004F5CF2 /* ShiroTests */,
				B8D907932BA0DF9A004F5CF2 /* ShiroUITests */,
			);
		};
/* End PBXProject section */

/* Begin PBXResourcesBuildPhase section */
		B8D907782BA0DF98004F5CF2 /* Resources */ = {
			isa = PBXResourcesBuildPhase;
			buildActionMask = 2147483647;
			files = (
				B8D907852BA0DF9A004F5CF2 /* Preview Assets.xcassets in Resources */,
				B8D907822BA0DF9A004F5CF2 /* Assets.xcassets in Resources */,
			);
			runOnlyForDeploymentPostprocessing = 0;
		};
		B8D907882BA0DF9A004F5CF2 /* Resources */ = {
			isa = PBXResourcesBuildPhase;
			buildActionMask = 2147483647;
			files = (
			);
			runOnlyForDeploymentPostprocessing = 0;
		};
		B8D907922BA0DF9A004F5CF2 /* Resources */ = {
			isa = PBXResourcesBuildPhase;
			buildActionMask = 2147483647;
			files = (
			);
			runOnlyForDeploymentPostprocessing = 0;
		};
/* End PBXResourcesBuildPhase section */

/* Begin PBXSourcesBuildPhase section */
		B8D907762BA0DF98004F5CF2 /* Sources */ = {
			isa = PBXSourcesBuildPhase;
			buildActionMask = 2147483647;
			files = (
				B8D907802BA0DF98004F5CF2 /* ContentView.swift in Sources */,
				B8D9077E2BA0DF98004F5CF2 /* ShiroApp.swift in Sources */,
			);
			runOnlyForDeploymentPostprocessing = 0;
		};
		B8D907862BA0DF9A004F5CF2 /* Sources */ = {
			isa = PBXSourcesBuildPhase;
			buildActionMask = 2147483647;
			files = (
				B8D9078F2BA0DF9A004F5CF2 /* ShiroTests.swift in Sources */,
			);
			runOnlyForDeploymentPostprocessing = 0;
		};
		B8D907902BA0DF9A004F5CF2 /* Sources */ = {
			isa = PBXSourcesBuildPhase;
			buildActionMask = 2147483647;
			files = (
				B8D9079B2BA0DF9A004F5CF2 /* ShiroUITestsLaunchTests.swift in Sources */,
				B8D907992BA0DF9A004F5CF2 /* ShiroUITests.swift in Sources */,
			);
			runOnlyForDeploymentPostprocessing = 0;
		};
/* End PBXSourcesBuildPhase section */

/* Begin PBXTargetDependency section */
		B8D9078C2BA0DF9A004F5CF2 /* PBXTargetDependency */ = {
			isa = PBXTargetDependency;
			target = B8D907792BA0DF98004F5CF2 /* Shiro */;
			targetProxy = B8D9078B2BA0DF9A004F5CF2 /* PBXContainerItemProxy */;
		};
		B8D907962BA0DF9A004F5CF2 /* PBXTargetDependency */ = {
			isa = PBXTargetDependency;
			target = B8D907792BA0DF98004F5CF2 /* Shiro */;
			targetProxy = B8D907952BA0DF9A004F5CF2 /* PBXContainerItemProxy */;
		};
/* End PBXTargetDependency section */

/* Begin XCBuildConfiguration section */
		B8D9079C2BA0DF9A004F5CF2 /* Debug */ = {
			isa = XCBuildConfiguration;
			buildSettings = {
				ALWAYS_SEARCH_USER_PATHS = NO;
				ASSETCATALOG_COMPILER_GENERATE_SWIFT_ASSET_SYMBOL_EXTENSIONS = YES;
				CLANG_ANALYZER_NONNULL = YES;
				CLANG_ANALYZER_NUMBER_OBJECT_CONVERSION = YES_AGGRESSIVE;
				CLANG_CXX_LANGUAGE_STANDARD = "gnu++20";
				CLANG_ENABLE_MODULES = YES;
				CLANG_ENABLE_OBJC_ARC = YES;
				CLANG_ENABLE_OBJC_WEAK = YES;
				CLANG_WARN_BLOCK_CAPTURE_AUTORELEASING = YES;
				CLANG_WARN_BOOL_CONVERSION = YES;
				CLANG_WARN_COMMA = YES;
				CLANG_WARN_CONSTANT_CONVERSION = YES;
				CLANG_WARN_DEPRECATED_OBJC_IMPLEMENTATIONS = YES;
				CLANG_WARN_DIRECT_OBJC_ISA_USAGE = YES_ERROR;
				CLANG_WARN_DOCUMENTATION_COMMENTS = YES;
				CLANG_WARN_EMPTY_BODY = YES;
				CLANG_WARN_ENUM_CONVERSION = YES;
				CLANG_WARN_INFINITE_RECURSION = YES;
				CLANG_WARN_INT_CONVERSION = YES;
				CLANG_WARN_NON_LITERAL_NULL_CONVERSION = YES;
				CLANG_WARN_OBJC_IMPLICIT_RETAIN_SELF = YES;
				CLANG_WARN_OBJC_LITERAL_CONVERSION = YES;
				CLANG_WARN_OBJC_ROOT_CLASS = YES_ERROR;
				CLANG_WARN_QUOTED_INCLUDE_IN_FRAMEWORK_HEADER = YES;
				CLANG_WARN_RANGE_LOOP_ANALYSIS = YES;
				CLANG_WARN_STRICT_PROTOTYPES = YES;
				CLANG_WARN_SUSPICIOUS_MOVE = YES;
				CLANG_WARN_UNGUARDED_AVAILABILITY = YES_AGGRESSIVE;
				CLANG_WARN_UNREACHABLE_CODE = YES;
				CLANG_WARN__DUPLICATE_METHOD_MATCH = YES;
				COPY_PHASE_STRIP = NO;
				DEBUG_INFORMATION_FORMAT = dwarf;
				ENABLE_STRICT_OBJC_MSGSEND = YES;
				ENABLE_TESTABILITY = YES;
				ENABLE_USER_SCRIPT_SANDBOXING = YES;
				GCC_C_LANGUAGE_STANDARD = gnu17;
				GCC_DYNAMIC_NO_PIC = NO;
				GCC_NO_COMMON_BLOCKS = YES;
				GCC_OPTIMIZATION_LEVEL = 0;
				GCC_PREPROCESSOR_DEFINITIONS = (
					"DEBUG=1",
					"$(inherited)",
				);
				GCC_WARN_64_TO_32_BIT_CONVERSION = YES;
				GCC_WARN_ABOUT_RETURN_TYPE = YES_ERROR;
				GCC_WARN_UNDECLARED_SELECTOR = YES;
				GCC_WARN_UNINITIALIZED_AUTOS = YES_AGGRESSIVE;
				GCC_WARN_UNUSED_FUNCTION = YES;
				GCC_WARN_UNUSED_VARIABLE = YES;
				IPHONEOS_DEPLOYMENT_TARGET = 17.2;
				LOCALIZATION_PREFERS_STRING_CATALOGS = YES;
				MTL_ENABLE_DEBUG_INFO = INCLUDE_SOURCE;
				MTL_FAST_MATH = YES;
				ONLY_ACTIVE_ARCH = YES;
				SDKROOT = iphoneos;
				SWIFT_ACTIVE_COMPILATION_CONDITIONS = "DEBUG $(inherited)";
				SWIFT_OPTIMIZATION_LEVEL = "-Onone";
			};
			name = Debug;
		};
		B8D9079D2BA0DF9A004F5CF2 /* Release */ = {
			isa = XCBuildConfiguration;
			buildSettings = {
				ALWAYS_SEARCH_USER_PATHS = NO;
				ASSETCATALOG_COMPILER_GENERATE_SWIFT_ASSET_SYMBOL_EXTENSIONS = YES;
				CLANG_ANALYZER_NONNULL = YES;
				CLANG_ANALYZER_NUMBER_OBJECT_CONVERSION = YES_AGGRESSIVE;
				CLANG_CXX_LANGUAGE_STANDARD = "gnu++20";
				CLANG_ENABLE_MODULES = YES;
				CLANG_ENABLE_OBJC_ARC = YES;
				CLANG_ENABLE_OBJC_WEAK = YES;
				CLANG_WARN_BLOCK_CAPTURE_AUTORELEASING = YES;
				CLANG_WARN_BOOL_CONVERSION = YES;
				CLANG_WARN_COMMA = YES;
				CLANG_WARN_CONSTANT_CONVERSION = YES;
				CLANG_WARN_DEPRECATED_OBJC_IMPLEMENTATIONS = YES;
				CLANG_WARN_DIRECT_OBJC_ISA_USAGE = YES_ERROR;
				CLANG_WARN_DOCUMENTATION_COMMENTS = YES;
				CLANG_WARN_EMPTY_BODY = YES;
				CLANG_WARN_ENUM_CONVERSION = YES;
				CLANG_WARN_INFINITE_RECURSION = YES;
				CLANG_WARN_INT_CONVERSION = YES;
				CLANG_WARN_NON_LITERAL_NULL_CONVERSION = YES;
				CLANG_WARN_OBJC_IMPLICIT_RETAIN_SELF = YES;
				CLANG_WARN_OBJC_LITERAL_CONVERSION = YES;
				CLANG_WARN_OBJC_ROOT_CLASS = YES_ERROR;
				CLANG_WARN_QUOTED_INCLUDE_IN_FRAMEWORK_HEADER = YES;
				CLANG_WARN_RANGE_LOOP_ANALYSIS = YES;
				CLANG_WARN_STRICT_PROTOTYPES = YES;
				CLANG_WARN_SUSPICIOUS_MOVE = YES;
				CLANG_WARN_UNGUARDED_AVAILABILITY = YES_AGGRESSIVE;
				CLANG_WARN_UNREACHABLE_CODE = YES;
				CLANG_WARN__DUPLICATE_METHOD_MATCH = YES;
				COPY_PHASE_STRIP = NO;
				DEBUG_INFORMATION_FORMAT = "dwarf-with-dsym";
				ENABLE_NS_ASSERTIONS = NO;
				ENABLE_STRICT_OBJC_MSGSEND = YES;
				ENABLE_USER_SCRIPT_SANDBOXING = YES;
				GCC_C_LANGUAGE_STANDARD = gnu17;
				GCC_NO_COMMON_BLOCKS = YES;
				GCC_WARN_64_TO_32_BIT_CONVERSION = YES;
				GCC_WARN_ABOUT_RETURN_TYPE = YES_ERROR;
				GCC_WARN_UNDECLARED_SELECTOR = YES;
				GCC_WARN_UNINITIALIZED_AUTOS = YES_AGGRESSIVE;
				GCC_WARN_UNUSED_FUNCTION = YES;
				GCC_WARN_UNUSED_VARIABLE = YES;
				IPHONEOS_DEPLOYMENT_TARGET = 17.2;
				LOCALIZATION_PREFERS_STRING_CATALOGS = YES;
				MTL_ENABLE_DEBUG_INFO = NO;
				MTL_FAST_MATH = YES;
				SDKROOT = iphoneos;
				SWIFT_COMPILATION_MODE = wholemodule;
				VALIDATE_PRODUCT = YES;
			};
			name = Release;
		};
		B8D9079F2BA0DF9A004F5CF2 /* Debug */ = {
			isa = XCBuildConfiguration;
			buildSettings = {
				ASSETCATALOG_COMPILER_APPICON_NAME = AppIcon;
				ASSETCATALOG_COMPILER_GLOBAL_ACCENT_COLOR_NAME = AccentColor;
				CODE_SIGN_STYLE = Automatic;
				CURRENT_PROJECT_VERSION = 1;
				DEVELOPMENT_ASSET_PATHS = "\"Shiro/Preview Content\"";
				DEVELOPMENT_TEAM = CWDH6S87LF;
				ENABLE_PREVIEWS = YES;
				GENERATE_INFOPLIST_FILE = YES;
				INFOPLIST_KEY_UIApplicationSceneManifest_Generation = YES;
				INFOPLIST_KEY_UIApplicationSupportsIndirectInputEvents = YES;
				INFOPLIST_KEY_UILaunchScreen_Generation = YES;
				INFOPLIST_KEY_UISupportedInterfaceOrientations_iPad = "UIInterfaceOrientationPortrait UIInterfaceOrientationPortraitUpsideDown UIInterfaceOrientationLandscapeLeft UIInterfaceOrientationLandscapeRight";
				INFOPLIST_KEY_UISupportedInterfaceOrientations_iPhone = "UIInterfaceOrientationPortrait UIInterfaceOrientationLandscapeLeft UIInterfaceOrientationLandscapeRight";
				LD_RUNPATH_SEARCH_PATHS = (
					"$(inherited)",
					"@executable_path/Frameworks",
				);
				MARKETING_VERSION = 1.0;
				PRODUCT_BUNDLE_IDENTIFIER = "Wilton-Garcia.Shiro";
				PRODUCT_NAME = "$(TARGET_NAME)";
				SWIFT_EMIT_LOC_STRINGS = YES;
				SWIFT_VERSION = 5.0;
				TARGETED_DEVICE_FAMILY = "1,2";
			};
			name = Debug;
		};
		B8D907A02BA0DF9A004F5CF2 /* Release */ = {
			isa = XCBuildConfiguration;
			buildSettings = {
				ASSETCATALOG_COMPILER_APPICON_NAME = AppIcon;
				ASSETCATALOG_COMPILER_GLOBAL_ACCENT_COLOR_NAME = AccentColor;
				CODE_SIGN_STYLE = Automatic;
				CURRENT_PROJECT_VERSION = 1;
				DEVELOPMENT_ASSET_PATHS = "\"Shiro/Preview Content\"";
				DEVELOPMENT_TEAM = CWDH6S87LF;
				ENABLE_PREVIEWS = YES;
				GENERATE_INFOPLIST_FILE = YES;
				INFOPLIST_KEY_UIApplicationSceneManifest_Generation = YES;
				INFOPLIST_KEY_UIApplicationSupportsIndirectInputEvents = YES;
				INFOPLIST_KEY_UILaunchScreen_Generation = YES;
				INFOPLIST_KEY_UISupportedInterfaceOrientations_iPad = "UIInterfaceOrientationPortrait UIInterfaceOrientationPortraitUpsideDown UIInterfaceOrientationLandscapeLeft UIInterfaceOrientationLandscapeRight";
				INFOPLIST_KEY_UISupportedInterfaceOrientations_iPhone = "UIInterfaceOrientationPortrait UIInterfaceOrientationLandscapeLeft UIInterfaceOrientationLandscapeRight";
				LD_RUNPATH_SEARCH_PATHS = (
					"$(inherited)",
					"@executable_path/Frameworks",
				);
				MARKETING_VERSION = 1.0;
				PRODUCT_BUNDLE_IDENTIFIER = "Wilton-Garcia.Shiro";
				PRODUCT_NAME = "$(TARGET_NAME)";
				SWIFT_EMIT_LOC_STRINGS = YES;
				SWIFT_VERSION = 5.0;
				TARGETED_DEVICE_FAMILY = "1,2";
			};
			name = Release;
		};
		B8D907A22BA0DF9A004F5CF2 /* Debug */ = {
			isa = XCBuildConfiguration;
			buildSettings = {
				ALWAYS_EMBED_SWIFT_STANDARD_LIBRARIES = YES;
				BUNDLE_LOADER = "$(TEST_HOST)";
				CODE_SIGN_STYLE = Automatic;
				CURRENT_PROJECT_VERSION = 1;
				DEVELOPMENT_TEAM = CWDH6S87LF;
				GENERATE_INFOPLIST_FILE = YES;
				IPHONEOS_DEPLOYMENT_TARGET = 17.2;
				MARKETING_VERSION = 1.0;
				PRODUCT_BUNDLE_IDENTIFIER = "Wilton-Garcia.ShiroTests";
				PRODUCT_NAME = "$(TARGET_NAME)";
				SWIFT_EMIT_LOC_STRINGS = NO;
				SWIFT_VERSION = 5.0;
				TARGETED_DEVICE_FAMILY = "1,2";
				TEST_HOST = "$(BUILT_PRODUCTS_DIR)/Shiro.app/$(BUNDLE_EXECUTABLE_FOLDER_PATH)/Shiro";
			};
			name = Debug;
		};
		B8D907A32BA0DF9A004F5CF2 /* Release */ = {
			isa = XCBuildConfiguration;
			buildSettings = {
				ALWAYS_EMBED_SWIFT_STANDARD_LIBRARIES = YES;
				BUNDLE_LOADER = "$(TEST_HOST)";
				CODE_SIGN_STYLE = Automatic;
				CURRENT_PROJECT_VERSION = 1;
				DEVELOPMENT_TEAM = CWDH6S87LF;
				GENERATE_INFOPLIST_FILE = YES;
				IPHONEOS_DEPLOYMENT_TARGET = 17.2;
				MARKETING_VERSION = 1.0;
				PRODUCT_BUNDLE_IDENTIFIER = "Wilton-Garcia.ShiroTests";
				PRODUCT_NAME = "$(TARGET_NAME)";
				SWIFT_EMIT_LOC_STRINGS = NO;
				SWIFT_VERSION = 5.0;
				TARGETED_DEVICE_FAMILY = "1,2";
				TEST_HOST = "$(BUILT_PRODUCTS_DIR)/Shiro.app/$(BUNDLE_EXECUTABLE_FOLDER_PATH)/Shiro";
			};
			name = Release;
		};
		B8D907A52BA0DF9A004F5CF2 /* Debug */ = {
			isa = XCBuildConfiguration;
			buildSettings = {
				ALWAYS_EMBED_SWIFT_STANDARD_LIBRARIES = YES;
				CODE_SIGN_STYLE = Automatic;
				CURRENT_PROJECT_VERSION = 1;
				DEVELOPMENT_TEAM = CWDH6S87LF;
				GENERATE_INFOPLIST_FILE = YES;
				MARKETING_VERSION = 1.0;
				PRODUCT_BUNDLE_IDENTIFIER = "Wilton-Garcia.ShiroUITests";
				PRODUCT_NAME = "$(TARGET_NAME)";
				SWIFT_EMIT_LOC_STRINGS = NO;
				SWIFT_VERSION = 5.0;
				TARGETED_DEVICE_FAMILY = "1,2";
				TEST_TARGET_NAME = Shiro;
			};
			name = Debug;
		};
		B8D907A62BA0DF9A004F5CF2 /* Release */ = {
			isa = XCBuildConfiguration;
			buildSettings = {
				ALWAYS_EMBED_SWIFT_STANDARD_LIBRARIES = YES;
				CODE_SIGN_STYLE = Automatic;
				CURRENT_PROJECT_VERSION = 1;
				DEVELOPMENT_TEAM = CWDH6S87LF;
				GENERATE_INFOPLIST_FILE = YES;
				MARKETING_VERSION = 1.0;
				PRODUCT_BUNDLE_IDENTIFIER = "Wilton-Garcia.ShiroUITests";
				PRODUCT_NAME = "$(TARGET_NAME)";
				SWIFT_EMIT_LOC_STRINGS = NO;
				SWIFT_VERSION = 5.0;
				TARGETED_DEVICE_FAMILY = "1,2";
				TEST_TARGET_NAME = Shiro;
			};
			name = Release;
		};
/* End XCBuildConfiguration section */

/* Begin XCConfigurationList section */
		B8D907752BA0DF98004F5CF2 /* Build configuration list for PBXProject "Shiro" */ = {
			isa = XCConfigurationList;
			buildConfigurations = (
				B8D9079C2BA0DF9A004F5CF2 /* Debug */,
				B8D9079D2BA0DF9A004F5CF2 /* Release */,
			);
			defaultConfigurationIsVisible = 0;
			defaultConfigurationName = Release;
		};
		B8D9079E2BA0DF9A004F5CF2 /* Build configuration list for PBXNativeTarget "Shiro" */ = {
			isa = XCConfigurationList;
			buildConfigurations = (
				B8D9079F2BA0DF9A004F5CF2 /* Debug */,
				B8D907A02BA0DF9A004F5CF2 /* Release */,
			);
			defaultConfigurationIsVisible = 0;
			defaultConfigurationName = Release;
		};
		B8D907A12BA0DF9A004F5CF2 /* Build configuration list for PBXNativeTarget "ShiroTests" */ = {
			isa = XCConfigurationList;
			buildConfigurations = (
				B8D907A22BA0DF9A004F5CF2 /* Debug */,
				B8D907A32BA0DF9A004F5CF2 /* Release */,
			);
			defaultConfigurationIsVisible = 0;
			defaultConfigurationName = Release;
		};
		B8D907A42BA0DF9A004F5CF2 /* Build configuration list for PBXNativeTarget "ShiroUITests" */ = {
			isa = XCConfigurationList;
			buildConfigurations = (
				B8D907A52BA0DF9A004F5CF2 /* Debug */,
				B8D907A62BA0DF9A004F5CF2 /* Release */,
			);
			defaultConfigurationIsVisible = 0;
			defaultConfigurationName = Release;
		};
/* End XCConfigurationList section */
	};
	rootObject = B8D907722BA0DF98004F5CF2 /* Project object */;
}
